// !$*UTF8*$!
{
	archiveVersion = 1;
	classes = {
	};
	objectVersion = 48;
	objects = {

/* Begin PBXBuildFile section */
		709484101F7B8AD000408C32 /* AppDelegate.m in Sources */ = {isa = PBXBuildFile; fileRef = 7094840F1F7B8AD000408C32 /* AppDelegate.m */; };
		709484131F7B8AD000408C32 /* ViewController.m in Sources */ = {isa = PBXBuildFile; fileRef = 709484121F7B8AD000408C32 /* ViewController.m */; };
		709484161F7B8AD000408C32 /* Main.storyboard in Resources */ = {isa = PBXBuildFile; fileRef = 709484141F7B8AD000408C32 /* Main.storyboard */; };
		709484181F7B8AD000408C32 /* Assets.xcassets in Resources */ = {isa = PBXBuildFile; fileRef = 709484171F7B8AD000408C32 /* Assets.xcassets */; };
		7094841B1F7B8AD000408C32 /* LaunchScreen.storyboard in Resources */ = {isa = PBXBuildFile; fileRef = 709484191F7B8AD000408C32 /* LaunchScreen.storyboard */; };
		7094841E1F7B8AD000408C32 /* main.m in Sources */ = {isa = PBXBuildFile; fileRef = 7094841D1F7B8AD000408C32 /* main.m */; };
		709484441F7B8B0600408C32 /* CharlersHUD.m in Sources */ = {isa = PBXBuildFile; fileRef = 709484401F7B8B0500408C32 /* CharlersHUD.m */; };
		709484451F7B8B0600408C32 /* UIView+Charles.m in Sources */ = {isa = PBXBuildFile; fileRef = 709484421F7B8B0600408C32 /* UIView+Charles.m */; };
		709484491F7B909600408C32 /* UIView+Toast.m in Sources */ = {isa = PBXBuildFile; fileRef = 709484481F7B909600408C32 /* UIView+Toast.m */; };
		928538459C4975E08692C9ED /* libPods-Charles.a in Frameworks */ = {isa = PBXBuildFile; fileRef = CB557AE4361FC9851ADE78B6 /* libPods-Charles.a */; };
/* End PBXBuildFile section */

/* Begin PBXFileReference section */
		4206EBBF7B8D3452DC958BB2 /* Pods-Charles.release.xcconfig */ = {isa = PBXFileReference; includeInIndex = 1; lastKnownFileType = text.xcconfig; name = "Pods-Charles.release.xcconfig"; path = "Pods/Target Support Files/Pods-Charles/Pods-Charles.release.xcconfig"; sourceTree = "<group>"; };
		7094840B1F7B8AD000408C32 /* Charles.app */ = {isa = PBXFileReference; explicitFileType = wrapper.application; includeInIndex = 0; path = Charles.app; sourceTree = BUILT_PRODUCTS_DIR; };
		7094840E1F7B8AD000408C32 /* AppDelegate.h */ = {isa = PBXFileReference; lastKnownFileType = sourcecode.c.h; path = AppDelegate.h; sourceTree = "<group>"; };
		7094840F1F7B8AD000408C32 /* AppDelegate.m */ = {isa = PBXFileReference; lastKnownFileType = sourcecode.c.objc; path = AppDelegate.m; sourceTree = "<group>"; };
		709484111F7B8AD000408C32 /* ViewController.h */ = {isa = PBXFileReference; lastKnownFileType = sourcecode.c.h; path = ViewController.h; sourceTree = "<group>"; };
		709484121F7B8AD000408C32 /* ViewController.m */ = {isa = PBXFileReference; lastKnownFileType = sourcecode.c.objc; path = ViewController.m; sourceTree = "<group>"; };
		709484151F7B8AD000408C32 /* Base */ = {isa = PBXFileReference; lastKnownFileType = file.storyboard; name = Base; path = Base.lproj/Main.storyboard; sourceTree = "<group>"; };
		709484171F7B8AD000408C32 /* Assets.xcassets */ = {isa = PBXFileReference; lastKnownFileType = folder.assetcatalog; path = Assets.xcassets; sourceTree = "<group>"; };
		7094841A1F7B8AD000408C32 /* Base */ = {isa = PBXFileReference; lastKnownFileType = file.storyboard; name = Base; path = Base.lproj/LaunchScreen.storyboard; sourceTree = "<group>"; };
		7094841C1F7B8AD000408C32 /* Info.plist */ = {isa = PBXFileReference; lastKnownFileType = text.plist.xml; path = Info.plist; sourceTree = "<group>"; };
		7094841D1F7B8AD000408C32 /* main.m */ = {isa = PBXFileReference; lastKnownFileType = sourcecode.c.objc; path = main.m; sourceTree = "<group>"; };
		709484401F7B8B0500408C32 /* CharlersHUD.m */ = {isa = PBXFileReference; lastKnownFileType = sourcecode.c.objc; path = CharlersHUD.m; sourceTree = "<group>"; };
		709484411F7B8B0500408C32 /* CharlersHUD.h */ = {isa = PBXFileReference; lastKnownFileType = sourcecode.c.h; path = CharlersHUD.h; sourceTree = "<group>"; };
		709484421F7B8B0600408C32 /* UIView+Charles.m */ = {isa = PBXFileReference; lastKnownFileType = sourcecode.c.objc; path = "UIView+Charles.m"; sourceTree = "<group>"; };
		709484431F7B8B0600408C32 /* UIView+Charles.h */ = {isa = PBXFileReference; lastKnownFileType = sourcecode.c.h; path = "UIView+Charles.h"; sourceTree = "<group>"; };
		709484461F7B8B1E00408C32 /* PodFile */ = {isa = PBXFileReference; lastKnownFileType = text; path = PodFile; sourceTree = "<group>"; };
		709484471F7B909500408C32 /* UIView+Toast.h */ = {isa = PBXFileReference; lastKnownFileType = sourcecode.c.h; path = "UIView+Toast.h"; sourceTree = "<group>"; };
		709484481F7B909600408C32 /* UIView+Toast.m */ = {isa = PBXFileReference; lastKnownFileType = sourcecode.c.objc; path = "UIView+Toast.m"; sourceTree = "<group>"; };
		9E4B7C14A90C56F4BDAC77AC /* Pods-Charles.debug.xcconfig */ = {isa = PBXFileReference; includeInIndex = 1; lastKnownFileType = text.xcconfig; name = "Pods-Charles.debug.xcconfig"; path = "Pods/Target Support Files/Pods-Charles/Pods-Charles.debug.xcconfig"; sourceTree = "<group>"; };
		CB557AE4361FC9851ADE78B6 /* libPods-Charles.a */ = {isa = PBXFileReference; explicitFileType = archive.ar; includeInIndex = 0; path = "libPods-Charles.a"; sourceTree = BUILT_PRODUCTS_DIR; };
/* End PBXFileReference section */

/* Begin PBXFrameworksBuildPhase section */
		709484081F7B8AD000408C32 /* Frameworks */ = {
			isa = PBXFrameworksBuildPhase;
			buildActionMask = 2147483647;
			files = (
				928538459C4975E08692C9ED /* libPods-Charles.a in Frameworks */,
			);
			runOnlyForDeploymentPostprocessing = 0;
		};
/* End PBXFrameworksBuildPhase section */

/* Begin PBXGroup section */
		709484021F7B8AD000408C32 = {
			isa = PBXGroup;
			children = (
				709484461F7B8B1E00408C32 /* PodFile */,
				7094840D1F7B8AD000408C32 /* Charles */,
				7094840C1F7B8AD000408C32 /* Products */,
				C2D50749F5A59D41950A3963 /* Pods */,
				FBDC6AADA2A4298DFD0EF985 /* Frameworks */,
			);
			sourceTree = "<group>";
		};
		7094840C1F7B8AD000408C32 /* Products */ = {
			isa = PBXGroup;
			children = (
				7094840B1F7B8AD000408C32 /* Charles.app */,
			);
			name = Products;
			sourceTree = "<group>";
		};
		7094840D1F7B8AD000408C32 /* Charles */ = {
			isa = PBXGroup;
			children = (
				7094840E1F7B8AD000408C32 /* AppDelegate.h */,
				7094840F1F7B8AD000408C32 /* AppDelegate.m */,
				709484411F7B8B0500408C32 /* CharlersHUD.h */,
				709484401F7B8B0500408C32 /* CharlersHUD.m */,
				709484431F7B8B0600408C32 /* UIView+Charles.h */,
				709484421F7B8B0600408C32 /* UIView+Charles.m */,
				709484471F7B909500408C32 /* UIView+Toast.h */,
				709484481F7B909600408C32 /* UIView+Toast.m */,
				709484111F7B8AD000408C32 /* ViewController.h */,
				709484121F7B8AD000408C32 /* ViewController.m */,
				709484141F7B8AD000408C32 /* Main.storyboard */,
				709484171F7B8AD000408C32 /* Assets.xcassets */,
				709484191F7B8AD000408C32 /* LaunchScreen.storyboard */,
				7094841C1F7B8AD000408C32 /* Info.plist */,
				7094841D1F7B8AD000408C32 /* main.m */,
			);
			path = Charles;
			sourceTree = "<group>";
		};
		C2D50749F5A59D41950A3963 /* Pods */ = {
			isa = PBXGroup;
			children = (
				9E4B7C14A90C56F4BDAC77AC /* Pods-Charles.debug.xcconfig */,
				4206EBBF7B8D3452DC958BB2 /* Pods-Charles.release.xcconfig */,
			);
			name = Pods;
			sourceTree = "<group>";
		};
		FBDC6AADA2A4298DFD0EF985 /* Frameworks */ = {
			isa = PBXGroup;
			children = (
				CB557AE4361FC9851ADE78B6 /* libPods-Charles.a */,
			);
			name = Frameworks;
			sourceTree = "<group>";
		};
/* End PBXGroup section */

/* Begin PBXNativeTarget section */
		7094840A1F7B8AD000408C32 /* Charles */ = {
			isa = PBXNativeTarget;
			buildConfigurationList = 709484371F7B8AD000408C32 /* Build configuration list for PBXNativeTarget "Charles" */;
			buildPhases = (
				C7386A971490C53A222C4A9C /* [CP] Check Pods Manifest.lock */,
				709484071F7B8AD000408C32 /* Sources */,
				709484081F7B8AD000408C32 /* Frameworks */,
				709484091F7B8AD000408C32 /* Resources */,
				9E3C78A5B0F027FAFF3EE431 /* [CP] Embed Pods Frameworks */,
				1D86D09EC93734FE65A926D2 /* [CP] Copy Pods Resources */,
			);
			buildRules = (
			);
			dependencies = (
			);
			name = Charles;
			productName = Charles;
			productReference = 7094840B1F7B8AD000408C32 /* Charles.app */;
			productType = "com.apple.product-type.application";
		};
/* End PBXNativeTarget section */

/* Begin PBXProject section */
		709484031F7B8AD000408C32 /* Project object */ = {
			isa = PBXProject;
			attributes = {
				LastUpgradeCheck = 0900;
				ORGANIZATIONNAME = "柴智权";
				TargetAttributes = {
					7094840A1F7B8AD000408C32 = {
						CreatedOnToolsVersion = 9.0;
						ProvisioningStyle = Automatic;
					};
				};
			};
			buildConfigurationList = 709484061F7B8AD000408C32 /* Build configuration list for PBXProject "Charles" */;
			compatibilityVersion = "Xcode 8.0";
			developmentRegion = en;
			hasScannedForEncodings = 0;
			knownRegions = (
				en,
				Base,
			);
			mainGroup = 709484021F7B8AD000408C32;
			productRefGroup = 7094840C1F7B8AD000408C32 /* Products */;
			projectDirPath = "";
			projectRoot = "";
			targets = (
				7094840A1F7B8AD000408C32 /* Charles */,
			);
		};
/* End PBXProject section */

/* Begin PBXResourcesBuildPhase section */
		709484091F7B8AD000408C32 /* Resources */ = {
			isa = PBXResourcesBuildPhase;
			buildActionMask = 2147483647;
			files = (
				7094841B1F7B8AD000408C32 /* LaunchScreen.storyboard in Resources */,
				709484181F7B8AD000408C32 /* Assets.xcassets in Resources */,
				709484161F7B8AD000408C32 /* Main.storyboard in Resources */,
			);
			runOnlyForDeploymentPostprocessing = 0;
		};
/* End PBXResourcesBuildPhase section */

/* Begin PBXShellScriptBuildPhase section */
		1D86D09EC93734FE65A926D2 /* [CP] Copy Pods Resources */ = {
			isa = PBXShellScriptBuildPhase;
			buildActionMask = 2147483647;
			files = (
			);
			inputPaths = (
				"${SRCROOT}/Pods/Target Support Files/Pods-Charles/Pods-Charles-resources.sh",
				"${PODS_ROOT}/SVProgressHUD/SVProgressHUD/SVProgressHUD.bundle",
			);
			name = "[CP] Copy Pods Resources";
			outputPaths = (
				"${TARGET_BUILD_DIR}/${UNLOCALIZED_RESOURCES_FOLDER_PATH}",
			);
			runOnlyForDeploymentPostprocessing = 0;
			shellPath = /bin/sh;
			shellScript = "\"${SRCROOT}/Pods/Target Support Files/Pods-Charles/Pods-Charles-resources.sh\"\n";
			showEnvVarsInLog = 0;
		};
		9E3C78A5B0F027FAFF3EE431 /* [CP] Embed Pods Frameworks */ = {
			isa = PBXShellScriptBuildPhase;
			buildActionMask = 2147483647;
			files = (
			);
			inputPaths = (
			);
			name = "[CP] Embed Pods Frameworks";
			outputPaths = (
			);
			runOnlyForDeploymentPostprocessing = 0;
			shellPath = /bin/sh;
			shellScript = "\"${SRCROOT}/Pods/Target Support Files/Pods-Charles/Pods-Charles-frameworks.sh\"\n";
			showEnvVarsInLog = 0;
		};
		C7386A971490C53A222C4A9C /* [CP] Check Pods Manifest.lock */ = {
			isa = PBXShellScriptBuildPhase;
			buildActionMask = 2147483647;
			files = (
			);
			inputPaths = (
				"${PODS_PODFILE_DIR_PATH}/Podfile.lock",
				"${PODS_ROOT}/Manifest.lock",
			);
			name = "[CP] Check Pods Manifest.lock";
			outputPaths = (
				"$(DERIVED_FILE_DIR)/Pods-Charles-checkManifestLockResult.txt",
			);
			runOnlyForDeploymentPostprocessing = 0;
			shellPath = /bin/sh;
			shellScript = "diff \"${PODS_PODFILE_DIR_PATH}/Podfile.lock\" \"${PODS_ROOT}/Manifest.lock\" > /dev/null\nif [ $? != 0 ] ; then\n    # print error to STDERR\n    echo \"error: The sandbox is not in sync with the Podfile.lock. Run 'pod install' or update your CocoaPods installation.\" >&2\n    exit 1\nfi\n# This output is used by Xcode 'outputs' to avoid re-running this script phase.\necho \"SUCCESS\" > \"${SCRIPT_OUTPUT_FILE_0}\"\n";
			showEnvVarsInLog = 0;
		};
/* End PBXShellScriptBuildPhase section */

/* Begin PBXSourcesBuildPhase section */
		709484071F7B8AD000408C32 /* Sources */ = {
			isa = PBXSourcesBuildPhase;
			buildActionMask = 2147483647;
			files = (
				709484491F7B909600408C32 /* UIView+Toast.m in Sources */,
				709484131F7B8AD000408C32 /* ViewController.m in Sources */,
				709484441F7B8B0600408C32 /* CharlersHUD.m in Sources */,
				7094841E1F7B8AD000408C32 /* main.m in Sources */,
				709484101F7B8AD000408C32 /* AppDelegate.m in Sources */,
				709484451F7B8B0600408C32 /* UIView+Charles.m in Sources */,
			);
			runOnlyForDeploymentPostprocessing = 0;
		};
/* End PBXSourcesBuildPhase section */

/* Begin PBXVariantGroup section */
		709484141F7B8AD000408C32 /* Main.storyboard */ = {
			isa = PBXVariantGroup;
			children = (
				709484151F7B8AD000408C32 /* Base */,
			);
			name = Main.storyboard;
			sourceTree = "<group>";
		};
		709484191F7B8AD000408C32 /* LaunchScreen.storyboard */ = {
			isa = PBXVariantGroup;
			children = (
				7094841A1F7B8AD000408C32 /* Base */,
			);
			name = LaunchScreen.storyboard;
			sourceTree = "<group>";
		};
/* End PBXVariantGroup section */

/* Begin XCBuildConfiguration section */
		709484351F7B8AD000408C32 /* Debug */ = {
			isa = XCBuildConfiguration;
			buildSettings = {
				ALWAYS_SEARCH_USER_PATHS = NO;
				CLANG_ANALYZER_NONNULL = YES;
				CLANG_ANALYZER_NUMBER_OBJECT_CONVERSION = YES_AGGRESSIVE;
				CLANG_CXX_LANGUAGE_STANDARD = "gnu++14";
				CLANG_CXX_LIBRARY = "libc++";
				CLANG_ENABLE_MODULES = YES;
				CLANG_ENABLE_OBJC_ARC = YES;
				CLANG_WARN_BLOCK_CAPTURE_AUTORELEASING = YES;
				CLANG_WARN_BOOL_CONVERSION = YES;
				CLANG_WARN_COMMA = YES;
				CLANG_WARN_CONSTANT_CONVERSION = YES;
				CLANG_WARN_DIRECT_OBJC_ISA_USAGE = YES_ERROR;
				CLANG_WARN_DOCUMENTATION_COMMENTS = YES;
				CLANG_WARN_EMPTY_BODY = YES;
				CLANG_WARN_ENUM_CONVERSION = YES;
				CLANG_WARN_INFINITE_RECURSION = YES;
				CLANG_WARN_INT_CONVERSION = YES;
				CLANG_WARN_NON_LITERAL_NULL_CONVERSION = YES;
				CLANG_WARN_OBJC_LITERAL_CONVERSION = YES;
				CLANG_WARN_OBJC_ROOT_CLASS = YES_ERROR;
				CLANG_WARN_RANGE_LOOP_ANALYSIS = YES;
				CLANG_WARN_STRICT_PROTOTYPES = YES;
				CLANG_WARN_SUSPICIOUS_MOVE = YES;
				CLANG_WARN_UNGUARDED_AVAILABILITY = YES_AGGRESSIVE;
				CLANG_WARN_UNREACHABLE_CODE = YES;
				CLANG_WARN__DUPLICATE_METHOD_MATCH = YES;
				CODE_SIGN_IDENTITY = "iPhone Developer";
				COPY_PHASE_STRIP = NO;
				DEBUG_INFORMATION_FORMAT = dwarf;
				ENABLE_STRICT_OBJC_MSGSEND = YES;
				ENABLE_TESTABILITY = YES;
				GCC_C_LANGUAGE_STANDARD = gnu11;
				GCC_DYNAMIC_NO_PIC = NO;
				GCC_NO_COMMON_BLOCKS = YES;
				GCC_OPTIMIZATION_LEVEL = 0;
				GCC_PREPROCESSOR_DEFINITIONS = (
					"DEBUG=1",
					"$(inherited)",
				);
				GCC_WARN_64_TO_32_BIT_CONVERSION = YES;
				GCC_WARN_ABOUT_RETURN_TYPE = YES_ERROR;
				GCC_WARN_UNDECLARED_SELECTOR = YES;
				GCC_WARN_UNINITIALIZED_AUTOS = YES_AGGRESSIVE;
				GCC_WARN_UNUSED_FUNCTION = YES;
				GCC_WARN_UNUSED_VARIABLE = YES;
				IPHONEOS_DEPLOYMENT_TARGET = 11.0;
				MTL_ENABLE_DEBUG_INFO = YES;
				ONLY_ACTIVE_ARCH = YES;
				SDKROOT = iphoneos;
			};
			name = Debug;
		};
		709484361F7B8AD000408C32 /* Release */ = {
			isa = XCBuildConfiguration;
			buildSettings = {
				ALWAYS_SEARCH_USER_PATHS = NO;
				CLANG_ANALYZER_NONNULL = YES;
				CLANG_ANALYZER_NUMBER_OBJECT_CONVERSION = YES_AGGRESSIVE;
				CLANG_CXX_LANGUAGE_STANDARD = "gnu++14";
				CLANG_CXX_LIBRARY = "libc++";
				CLANG_ENABLE_MODULES = YES;
				CLANG_ENABLE_OBJC_ARC = YES;
				CLANG_WARN_BLOCK_CAPTURE_AUTORELEASING = YES;
				CLANG_WARN_BOOL_CONVERSION = YES;
				CLANG_WARN_COMMA = YES;
				CLANG_WARN_CONSTANT_CONVERSION = YES;
				CLANG_WARN_DIRECT_OBJC_ISA_USAGE = YES_ERROR;
				CLANG_WARN_DOCUMENTATION_COMMENTS = YES;
				CLANG_WARN_EMPTY_BODY = YES;
				CLANG_WARN_ENUM_CONVERSION = YES;
				CLANG_WARN_INFINITE_RECURSION = YES;
				CLANG_WARN_INT_CONVERSION = YES;
				CLANG_WARN_NON_LITERAL_NULL_CONVERSION = YES;
				CLANG_WARN_OBJC_LITERAL_CONVERSION = YES;
				CLANG_WARN_OBJC_ROOT_CLASS = YES_ERROR;
				CLANG_WARN_RANGE_LOOP_ANALYSIS = YES;
				CLANG_WARN_STRICT_PROTOTYPES = YES;
				CLANG_WARN_SUSPICIOUS_MOVE = YES;
				CLANG_WARN_UNGUARDED_AVAILABILITY = YES_AGGRESSIVE;
				CLANG_WARN_UNREACHABLE_CODE = YES;
				CLANG_WARN__DUPLICATE_METHOD_MATCH = YES;
				CODE_SIGN_IDENTITY = "iPhone Developer";
				COPY_PHASE_STRIP = NO;
				DEBUG_INFORMATION_FORMAT = "dwarf-with-dsym";
				ENABLE_NS_ASSERTIONS = NO;
				ENABLE_STRICT_OBJC_MSGSEND = YES;
				GCC_C_LANGUAGE_STANDARD = gnu11;
				GCC_NO_COMMON_BLOCKS = YES;
				GCC_WARN_64_TO_32_BIT_CONVERSION = YES;
				GCC_WARN_ABOUT_RETURN_TYPE = YES_ERROR;
				GCC_WARN_UNDECLARED_SELECTOR = YES;
				GCC_WARN_UNINITIALIZED_AUTOS = YES_AGGRESSIVE;
				GCC_WARN_UNUSED_FUNCTION = YES;
				GCC_WARN_UNUSED_VARIABLE = YES;
				IPHONEOS_DEPLOYMENT_TARGET = 11.0;
				MTL_ENABLE_DEBUG_INFO = NO;
				SDKROOT = iphoneos;
				VALIDATE_PRODUCT = YES;
			};
			name = Release;
		};
		709484381F7B8AD000408C32 /* Debug */ = {
			isa = XCBuildConfiguration;
			baseConfigurationReference = 9E4B7C14A90C56F4BDAC77AC /* Pods-Charles.debug.xcconfig */;
			buildSettings = {
				ASSETCATALOG_COMPILER_APPICON_NAME = AppIcon;
				CODE_SIGN_STYLE = Automatic;
				DEVELOPMENT_TEAM = 6QU7TW49RY;
				INFOPLIST_FILE = Charles/Info.plist;
				LD_RUNPATH_SEARCH_PATHS = "$(inherited) @executable_path/Frameworks";
				PRODUCT_BUNDLE_IDENTIFIER = com.Harute.Charles;
				PRODUCT_NAME = "$(TARGET_NAME)";
				TARGETED_DEVICE_FAMILY = "1,2";
			};
			name = Debug;
		};
		709484391F7B8AD000408C32 /* Release */ = {
			isa = XCBuildConfiguration;
			baseConfigurationReference = 4206EBBF7B8D3452DC958BB2 /* Pods-Charles.release.xcconfig */;
			buildSettings = {
				ASSETCATALOG_COMPILER_APPICON_NAME = AppIcon;
				CODE_SIGN_STYLE = Automatic;
				DEVELOPMENT_TEAM = 6QU7TW49RY;
				INFOPLIST_FILE = Charles/Info.plist;
				LD_RUNPATH_SEARCH_PATHS = "$(inherited) @executable_path/Frameworks";
				PRODUCT_BUNDLE_IDENTIFIER = com.Harute.Charles;
				PRODUCT_NAME = "$(TARGET_NAME)";
				TARGETED_DEVICE_FAMILY = "1,2";
			};
			name = Release;
		};
/* End XCBuildConfiguration section */

/* Begin XCConfigurationList section */
		709484061F7B8AD000408C32 /* Build configuration list for PBXProject "Charles" */ = {
			isa = XCConfigurationList;
			buildConfigurations = (
				709484351F7B8AD000408C32 /* Debug */,
				709484361F7B8AD000408C32 /* Release */,
			);
			defaultConfigurationIsVisible = 0;
			defaultConfigurationName = Release;
		};
		709484371F7B8AD000408C32 /* Build configuration list for PBXNativeTarget "Charles" */ = {
			isa = XCConfigurationList;
			buildConfigurations = (
				709484381F7B8AD000408C32 /* Debug */,
				709484391F7B8AD000408C32 /* Release */,
			);
			defaultConfigurationIsVisible = 0;
			defaultConfigurationName = Release;
		};
/* End XCConfigurationList section */
	};
	rootObject = 709484031F7B8AD000408C32 /* Project object */;
}
